
Microsoft Visual Studio Solution File, Format Version 12.00
# Visual Studio 15
VisualStudioVersion = 15.0.28010.2016
MinimumVisualStudioVersion = 10.0.40219.1
Project("{FAE04EC0-301F-11D3-BF4B-00C04F79EFBC}") = "Service", "Service\Service.csproj", "{EF2854A0-9F14-420A-88F8-80EF88FB2A62}"
EndProject
Global
	GlobalSection(SolutionConfigurationPlatforms) = preSolution
		Debug|Any CPU = Debug|Any CPU
		Release|Any CPU = Release|Any CPU
	EndGlobalSection
	GlobalSection(ProjectConfigurationPlatforms) = postSolution
		{EF2854A0-9F14-420A-88F8-80EF88FB2A62}.Debug|Any CPU.ActiveCfg = Debug|Any CPU
		{EF2854A0-9F14-420A-88F8-80EF88FB2A62}.Debug|Any CPU.Build.0 = Debug|Any CPU
		{EF2854A0-9F14-420A-88F8-80EF88FB2A62}.Release|Any CPU.ActiveCfg = Release|Any CPU
		{EF2854A0-9F14-420A-88F8-80EF88FB2A62}.Release|Any CPU.Build.0 = Release|Any CPU
	EndGlobalSection
	GlobalSection(SolutionProperties) = preSolution
		HideSolutionNode = FALSE
	EndGlobalSection
	GlobalSection(ExtensibilityGlobals) = postSolution
		SolutionGuid = {31A82378-CE53-4B0E-B9E0-53FFABDB6A1C}
	EndGlobalSection
EndGlobal
